// !$*UTF8*$!
{
	archiveVersion = 1;
	classes = {
	};
	objectVersion = 77;
	objects = {

/* Begin PBXBuildFile section */
		215D4C512E7DBB0500188B80 /* SplashView.swift in Sources */ = {isa = PBXBuildFile; fileRef = 215D4C502E7DBB0500188B80 /* SplashView.swift */; };
		215D4C532E7DBB6600188B80 /* LoginView.swift in Sources */ = {isa = PBXBuildFile; fileRef = 215D4C522E7DBB6600188B80 /* LoginView.swift */; };
		215D4D452E8417B400188B80 /* Fonts.swift in Sources */ = {isa = PBXBuildFile; fileRef = 215D4D382E83EF5D00188B80 /* Fonts.swift */; };
		215D4D482E841CC200188B80 /* ContentView.swift in Sources */ = {isa = PBXBuildFile; fileRef = 215D4D472E84199100188B80 /* ContentView.swift */; };
		215D4D492E841CC800188B80 /* MegaBoxApp.swift in Sources */ = {isa = PBXBuildFile; fileRef = 215D4D462E84190F00188B80 /* MegaBoxApp.swift */; };
		215D4D4B2E841EF700188B80 /* Assets.xcassets in Resources */ = {isa = PBXBuildFile; fileRef = 215D4D432E83EF5D00188B80 /* Assets.xcassets */; };
		215D4D4C2E841EFF00188B80 /* Pretendard-Black.otf in Resources */ = {isa = PBXBuildFile; fileRef = 215D4D392E83EF5D00188B80 /* Pretendard-Black.otf */; };
		215D4D4D2E841F0300188B80 /* Pretendard-ExtraBold.otf in Resources */ = {isa = PBXBuildFile; fileRef = 215D4D3B2E83EF5D00188B80 /* Pretendard-ExtraBold.otf */; };
		215D4D4E2E841F0C00188B80 /* Pretendard-Bold.ttf in Resources */ = {isa = PBXBuildFile; fileRef = 215D4D3A2E83EF5D00188B80 /* Pretendard-Bold.ttf */; };
		215D4D4F2E841F0F00188B80 /* Pretendard-ExtraLight.otf in Resources */ = {isa = PBXBuildFile; fileRef = 215D4D3C2E83EF5D00188B80 /* Pretendard-ExtraLight.otf */; };
		215D4D502E841F1300188B80 /* Pretendard-Light.otf in Resources */ = {isa = PBXBuildFile; fileRef = 215D4D3D2E83EF5D00188B80 /* Pretendard-Light.otf */; };
		215D4D512E841F1600188B80 /* Pretendard-Medium.otf in Resources */ = {isa = PBXBuildFile; fileRef = 215D4D3E2E83EF5D00188B80 /* Pretendard-Medium.otf */; };
		215D4D522E841F1900188B80 /* Pretendard-Regular.otf in Resources */ = {isa = PBXBuildFile; fileRef = 215D4D3F2E83EF5D00188B80 /* Pretendard-Regular.otf */; };
		215D4D532E841F1D00188B80 /* Pretendard-SemiBold.otf in Resources */ = {isa = PBXBuildFile; fileRef = 215D4D402E83EF5D00188B80 /* Pretendard-SemiBold.otf */; };
		215D4D542E841F2100188B80 /* Pretendard-Thin.otf in Resources */ = {isa = PBXBuildFile; fileRef = 215D4D412E83EF5D00188B80 /* Pretendard-Thin.otf */; };
		215D4D562E84274E00188B80 /* MegaBox-info.plist in Resources */ = {isa = PBXBuildFile; fileRef = 215D4D552E84274E00188B80 /* MegaBox-info.plist */; };
		215D4D622E87D5AB00188B80 /* MemverView.swift in Sources */ = {isa = PBXBuildFile; fileRef = 215D4D612E87D5AA00188B80 /* MemverView.swift */; };
		215D4D712E87D84B00188B80 /* MemberInfoManageView.swift in Sources */ = {isa = PBXBuildFile; fileRef = 215D4D702E87D84700188B80 /* MemberInfoManageView.swift */; };
		215D4D982E8E5C7700188B80 /* MainTabView.swift in Sources */ = {isa = PBXBuildFile; fileRef = 215D4D972E8E5C7000188B80 /* MainTabView.swift */; };
		215D4D9A2E8E5CE900188B80 /* HomeView.swift in Sources */ = {isa = PBXBuildFile; fileRef = 215D4D992E8E5CE300188B80 /* HomeView.swift */; };
		215D4D9F2E8E86D800188B80 /* MovieDetailView.swift in Sources */ = {isa = PBXBuildFile; fileRef = 215D4D9E2E8E86CE00188B80 /* MovieDetailView.swift */; };
		215D4E972E9BE15800188B80 /* MovieBookingView.swift in Sources */ = {isa = PBXBuildFile; fileRef = 215D4E962E9BE15800188B80 /* MovieBookingView.swift */; };
		215D4E9A2E9BE16900188B80 /* OutlineChipStyle.swift in Sources */ = {isa = PBXBuildFile; fileRef = 215D4E982E9BE16900188B80 /* OutlineChipStyle.swift */; };
		215D4E9E2E9BE18E00188B80 /* MovieSearchView.swift in Sources */ = {isa = PBXBuildFile; fileRef = 215D4E9D2E9BE18E00188B80 /* MovieSearchView.swift */; };
		215D4EA02E9BE1A400188B80 /* TicketView.swift in Sources */ = {isa = PBXBuildFile; fileRef = 215D4E9F2E9BE1A400188B80 /* TicketView.swift */; };
		215D4ECC2EB0B36600188B80 /* MovieSchedule.json in Resources */ = {isa = PBXBuildFile; fileRef = 215D4EC72EAF4A0500188B80 /* MovieSchedule.json */; };
		215D4ECE2EB1AC4000188B80 /* MobileOrderView.swift in Sources */ = {isa = PBXBuildFile; fileRef = 215D4ECD2EB1AC3700188B80 /* MobileOrderView.swift */; };
		215D4ED32EBFAEBB00188B80 /* KeyChainService.swift in Sources */ = {isa = PBXBuildFile; fileRef = 215D4ED22EBFAEA700188B80 /* KeyChainService.swift */; };
		215D4ED52EBFAEDE00188B80 /* KakaoConfig.swift in Sources */ = {isa = PBXBuildFile; fileRef = 215D4ED42EBFAED400188B80 /* KakaoConfig.swift */; };
		215D4ED72EBFAF0700188B80 /* KakaoAuthManager.swift in Sources */ = {isa = PBXBuildFile; fileRef = 215D4ED62EBFAF0200188B80 /* KakaoAuthManager.swift */; };
		217B14972ECAF95100BE6499 /* Moya in Frameworks */ = {isa = PBXBuildFile; productRef = 217B14962ECAF95100BE6499 /* Moya */; };
		217B149A2ECAF96200BE6499 /* Kingfisher in Frameworks */ = {isa = PBXBuildFile; productRef = 217B14992ECAF96200BE6499 /* Kingfisher */; };
		217B14A62ECB1E5900BE6499 /* Secrets.swift in Sources */ = {isa = PBXBuildFile; fileRef = 217B14A52ECB1E5000BE6499 /* Secrets.swift */; };
		217B15852ED34D0400BE6499 /* TheaterChangeBar.swift in Sources */ = {isa = PBXBuildFile; fileRef = 217B15842ED34D0200BE6499 /* TheaterChangeBar.swift */; };
		217B15872ED34D9500BE6499 /* MenuItemCardView.swift in Sources */ = {isa = PBXBuildFile; fileRef = 217B15862ED34D9400BE6499 /* MenuItemCardView.swift */; };
		217B15892ED34DA700BE6499 /* MenuViewModifiers.swift in Sources */ = {isa = PBXBuildFile; fileRef = 217B15882ED34DA200BE6499 /* MenuViewModifiers.swift */; };
		217B158B2ED34DBE00BE6499 /* MobileOrderDetailView.swift in Sources */ = {isa = PBXBuildFile; fileRef = 217B158A2ED34DBC00BE6499 /* MobileOrderDetailView.swift */; };
		2183C2BC2EC2193100E4B917 /* KakaoSDKAuth in Frameworks */ = {isa = PBXBuildFile; productRef = 2183C2BB2EC2193100E4B917 /* KakaoSDKAuth */; };
		2183C2C22EC2193100E4B917 /* KakaoSDKCommon in Frameworks */ = {isa = PBXBuildFile; productRef = 2183C2C12EC2193100E4B917 /* KakaoSDKCommon */; };
		2183C2D02EC2193100E4B917 /* KakaoSDKUser in Frameworks */ = {isa = PBXBuildFile; productRef = 2183C2CF2EC2193100E4B917 /* KakaoSDKUser */; };
/* End PBXBuildFile section */

/* Begin PBXFileReference section */
		215D4C502E7DBB0500188B80 /* SplashView.swift */ = {isa = PBXFileReference; lastKnownFileType = sourcecode.swift; path = SplashView.swift; sourceTree = "<group>"; };
		215D4C522E7DBB6600188B80 /* LoginView.swift */ = {isa = PBXFileReference; lastKnownFileType = sourcecode.swift; path = LoginView.swift; sourceTree = "<group>"; };
		215D4D192E83E09000188B80 /* MegaBox.app */ = {isa = PBXFileReference; explicitFileType = wrapper.application; includeInIndex = 0; path = MegaBox.app; sourceTree = BUILT_PRODUCTS_DIR; };
		215D4D382E83EF5D00188B80 /* Fonts.swift */ = {isa = PBXFileReference; lastKnownFileType = sourcecode.swift; path = Fonts.swift; sourceTree = "<group>"; };
		215D4D392E83EF5D00188B80 /* Pretendard-Black.otf */ = {isa = PBXFileReference; lastKnownFileType = file; path = "Pretendard-Black.otf"; sourceTree = "<group>"; };
		215D4D3A2E83EF5D00188B80 /* Pretendard-Bold.ttf */ = {isa = PBXFileReference; lastKnownFileType = file; path = "Pretendard-Bold.ttf"; sourceTree = "<group>"; };
		215D4D3B2E83EF5D00188B80 /* Pretendard-ExtraBold.otf */ = {isa = PBXFileReference; lastKnownFileType = file; path = "Pretendard-ExtraBold.otf"; sourceTree = "<group>"; };
		215D4D3C2E83EF5D00188B80 /* Pretendard-ExtraLight.otf */ = {isa = PBXFileReference; lastKnownFileType = file; path = "Pretendard-ExtraLight.otf"; sourceTree = "<group>"; };
		215D4D3D2E83EF5D00188B80 /* Pretendard-Light.otf */ = {isa = PBXFileReference; lastKnownFileType = file; path = "Pretendard-Light.otf"; sourceTree = "<group>"; };
		215D4D3E2E83EF5D00188B80 /* Pretendard-Medium.otf */ = {isa = PBXFileReference; lastKnownFileType = file; path = "Pretendard-Medium.otf"; sourceTree = "<group>"; };
		215D4D3F2E83EF5D00188B80 /* Pretendard-Regular.otf */ = {isa = PBXFileReference; lastKnownFileType = file; path = "Pretendard-Regular.otf"; sourceTree = "<group>"; };
		215D4D402E83EF5D00188B80 /* Pretendard-SemiBold.otf */ = {isa = PBXFileReference; lastKnownFileType = file; path = "Pretendard-SemiBold.otf"; sourceTree = "<group>"; };
		215D4D412E83EF5D00188B80 /* Pretendard-Thin.otf */ = {isa = PBXFileReference; lastKnownFileType = file; path = "Pretendard-Thin.otf"; sourceTree = "<group>"; };
		215D4D432E83EF5D00188B80 /* Assets.xcassets */ = {isa = PBXFileReference; lastKnownFileType = folder.assetcatalog; path = Assets.xcassets; sourceTree = "<group>"; };
		215D4D462E84190F00188B80 /* MegaBoxApp.swift */ = {isa = PBXFileReference; lastKnownFileType = sourcecode.swift; path = MegaBoxApp.swift; sourceTree = "<group>"; };
		215D4D472E84199100188B80 /* ContentView.swift */ = {isa = PBXFileReference; lastKnownFileType = sourcecode.swift; path = ContentView.swift; sourceTree = "<group>"; };
		215D4D552E84274E00188B80 /* MegaBox-info.plist */ = {isa = PBXFileReference; lastKnownFileType = text.plist.xml; path = "MegaBox-info.plist"; sourceTree = "<group>"; };
		215D4D612E87D5AA00188B80 /* MemverView.swift */ = {isa = PBXFileReference; lastKnownFileType = sourcecode.swift; path = MemverView.swift; sourceTree = "<group>"; };
		215D4D702E87D84700188B80 /* MemberInfoManageView.swift */ = {isa = PBXFileReference; lastKnownFileType = sourcecode.swift; path = MemberInfoManageView.swift; sourceTree = "<group>"; };
		215D4D972E8E5C7000188B80 /* MainTabView.swift */ = {isa = PBXFileReference; lastKnownFileType = sourcecode.swift; path = MainTabView.swift; sourceTree = "<group>"; };
		215D4D992E8E5CE300188B80 /* HomeView.swift */ = {isa = PBXFileReference; lastKnownFileType = sourcecode.swift; path = HomeView.swift; sourceTree = "<group>"; };
		215D4D9E2E8E86CE00188B80 /* MovieDetailView.swift */ = {isa = PBXFileReference; lastKnownFileType = sourcecode.swift; path = MovieDetailView.swift; sourceTree = "<group>"; };
		215D4E962E9BE15800188B80 /* MovieBookingView.swift */ = {isa = PBXFileReference; lastKnownFileType = sourcecode.swift; path = MovieBookingView.swift; sourceTree = "<group>"; };
		215D4E982E9BE16900188B80 /* OutlineChipStyle.swift */ = {isa = PBXFileReference; lastKnownFileType = sourcecode.swift; path = OutlineChipStyle.swift; sourceTree = "<group>"; };
		215D4E9D2E9BE18E00188B80 /* MovieSearchView.swift */ = {isa = PBXFileReference; lastKnownFileType = sourcecode.swift; path = MovieSearchView.swift; sourceTree = "<group>"; };
		215D4E9F2E9BE1A400188B80 /* TicketView.swift */ = {isa = PBXFileReference; lastKnownFileType = sourcecode.swift; path = TicketView.swift; sourceTree = "<group>"; };
		215D4EC72EAF4A0500188B80 /* MovieSchedule.json */ = {isa = PBXFileReference; lastKnownFileType = text.json; path = MovieSchedule.json; sourceTree = "<group>"; };
		215D4ECD2EB1AC3700188B80 /* MobileOrderView.swift */ = {isa = PBXFileReference; lastKnownFileType = sourcecode.swift; path = MobileOrderView.swift; sourceTree = "<group>"; };
		215D4ED22EBFAEA700188B80 /* KeyChainService.swift */ = {isa = PBXFileReference; lastKnownFileType = sourcecode.swift; path = KeyChainService.swift; sourceTree = "<group>"; };
		215D4ED42EBFAED400188B80 /* KakaoConfig.swift */ = {isa = PBXFileReference; lastKnownFileType = sourcecode.swift; path = KakaoConfig.swift; sourceTree = "<group>"; };
		215D4ED62EBFAF0200188B80 /* KakaoAuthManager.swift */ = {isa = PBXFileReference; lastKnownFileType = sourcecode.swift; path = KakaoAuthManager.swift; sourceTree = "<group>"; };
		217B14A52ECB1E5000BE6499 /* Secrets.swift */ = {isa = PBXFileReference; lastKnownFileType = sourcecode.swift; path = Secrets.swift; sourceTree = "<group>"; };
		217B15842ED34D0200BE6499 /* TheaterChangeBar.swift */ = {isa = PBXFileReference; lastKnownFileType = sourcecode.swift; path = TheaterChangeBar.swift; sourceTree = "<group>"; };
		217B15862ED34D9400BE6499 /* MenuItemCardView.swift */ = {isa = PBXFileReference; lastKnownFileType = sourcecode.swift; path = MenuItemCardView.swift; sourceTree = "<group>"; };
		217B15882ED34DA200BE6499 /* MenuViewModifiers.swift */ = {isa = PBXFileReference; lastKnownFileType = sourcecode.swift; path = MenuViewModifiers.swift; sourceTree = "<group>"; };
		217B158A2ED34DBC00BE6499 /* MobileOrderDetailView.swift */ = {isa = PBXFileReference; lastKnownFileType = sourcecode.swift; path = MobileOrderDetailView.swift; sourceTree = "<group>"; };
		2183C29D2EC1D4E800E4B917 /* Secret.xcconfig */ = {isa = PBXFileReference; lastKnownFileType = text.xcconfig; path = Secret.xcconfig; sourceTree = "<group>"; };
/* End PBXFileReference section */

/* Begin PBXFileSystemSynchronizedRootGroup section */
		215D4D572E87A8D700188B80 /* ViewModels */ = {
			isa = PBXFileSystemSynchronizedRootGroup;
			path = ViewModels;
			sourceTree = "<group>";
		};
		215D4D5D2E87A95700188B80 /* Models */ = {
			isa = PBXFileSystemSynchronizedRootGroup;
			path = Models;
			sourceTree = "<group>";
		};
		215D4D632E87D62F00188B80 /* SubViews */ = {
			isa = PBXFileSystemSynchronizedRootGroup;
			path = SubViews;
			sourceTree = "<group>";
		};
		217B149B2ECAFA4C00BE6499 /* Networking */ = {
			isa = PBXFileSystemSynchronizedRootGroup;
			path = Networking;
			sourceTree = "<group>";
		};
/* End PBXFileSystemSynchronizedRootGroup section */

/* Begin PBXFrameworksBuildPhase section */
		215D4C3C2E7BD6E600188B80 /* Frameworks */ = {
			isa = PBXFrameworksBuildPhase;
			buildActionMask = 2147483647;
			files = (
				2183C2C22EC2193100E4B917 /* KakaoSDKCommon in Frameworks */,
				2183C2D02EC2193100E4B917 /* KakaoSDKUser in Frameworks */,
				217B14972ECAF95100BE6499 /* Moya in Frameworks */,
				2183C2BC2EC2193100E4B917 /* KakaoSDKAuth in Frameworks */,
				217B149A2ECAF96200BE6499 /* Kingfisher in Frameworks */,
			);
			runOnlyForDeploymentPostprocessing = 0;
		};
/* End PBXFrameworksBuildPhase section */

/* Begin PBXGroup section */
		215D4C362E7BD6E600188B80 = {
			isa = PBXGroup;
			children = (
				217B14A52ECB1E5000BE6499 /* Secrets.swift */,
				217B149B2ECAFA4C00BE6499 /* Networking */,
				215D4ED62EBFAF0200188B80 /* KakaoAuthManager.swift */,
				215D4ED42EBFAED400188B80 /* KakaoConfig.swift */,
				215D4ED22EBFAEA700188B80 /* KeyChainService.swift */,
				215D4EC72EAF4A0500188B80 /* MovieSchedule.json */,
				215D4D552E84274E00188B80 /* MegaBox-info.plist */,
				215D4D472E84199100188B80 /* ContentView.swift */,
				215D4D462E84190F00188B80 /* MegaBoxApp.swift */,
				2183C29D2EC1D4E800E4B917 /* Secret.xcconfig */,
				215D4C4D2E7BF60D00188B80 /* Views */,
				215D4D192E83E09000188B80 /* MegaBox.app */,
				215D4D572E87A8D700188B80 /* ViewModels */,
				215D4D5D2E87A95700188B80 /* Models */,
				215D4D442E83EF5D00188B80 /* Resources */,
				2183C29E2EC217CD00E4B917 /* Frameworks */,
			);
			sourceTree = "<group>";
		};
		215D4C4D2E7BF60D00188B80 /* Views */ = {
			isa = PBXGroup;
			children = (
				217B158A2ED34DBC00BE6499 /* MobileOrderDetailView.swift */,
				215D4ECD2EB1AC3700188B80 /* MobileOrderView.swift */,
				215D4E9F2E9BE1A400188B80 /* TicketView.swift */,
				215D4E9D2E9BE18E00188B80 /* MovieSearchView.swift */,
				215D4E992E9BE16900188B80 /* Components */,
				215D4E962E9BE15800188B80 /* MovieBookingView.swift */,
				215D4D9E2E8E86CE00188B80 /* MovieDetailView.swift */,
				215D4D992E8E5CE300188B80 /* HomeView.swift */,
				215D4D972E8E5C7000188B80 /* MainTabView.swift */,
				215D4D702E87D84700188B80 /* MemberInfoManageView.swift */,
				215D4D632E87D62F00188B80 /* SubViews */,
				215D4D612E87D5AA00188B80 /* MemverView.swift */,
				215D4C502E7DBB0500188B80 /* SplashView.swift */,
				215D4C522E7DBB6600188B80 /* LoginView.swift */,
			);
			path = Views;
			sourceTree = "<group>";
		};
		215D4D422E83EF5D00188B80 /* Fonts */ = {
			isa = PBXGroup;
			children = (
				215D4D382E83EF5D00188B80 /* Fonts.swift */,
				215D4D392E83EF5D00188B80 /* Pretendard-Black.otf */,
				215D4D3A2E83EF5D00188B80 /* Pretendard-Bold.ttf */,
				215D4D3B2E83EF5D00188B80 /* Pretendard-ExtraBold.otf */,
				215D4D3C2E83EF5D00188B80 /* Pretendard-ExtraLight.otf */,
				215D4D3D2E83EF5D00188B80 /* Pretendard-Light.otf */,
				215D4D3E2E83EF5D00188B80 /* Pretendard-Medium.otf */,
				215D4D3F2E83EF5D00188B80 /* Pretendard-Regular.otf */,
				215D4D402E83EF5D00188B80 /* Pretendard-SemiBold.otf */,
				215D4D412E83EF5D00188B80 /* Pretendard-Thin.otf */,
			);
			path = Fonts;
			sourceTree = "<group>";
		};
		215D4D442E83EF5D00188B80 /* Resources */ = {
			isa = PBXGroup;
			children = (
				215D4D422E83EF5D00188B80 /* Fonts */,
				215D4D432E83EF5D00188B80 /* Assets.xcassets */,
			);
			path = Resources;
			sourceTree = "<group>";
		};
		215D4E992E9BE16900188B80 /* Components */ = {
			isa = PBXGroup;
			children = (
				217B15882ED34DA200BE6499 /* MenuViewModifiers.swift */,
				217B15862ED34D9400BE6499 /* MenuItemCardView.swift */,
				217B15842ED34D0200BE6499 /* TheaterChangeBar.swift */,
				215D4E982E9BE16900188B80 /* OutlineChipStyle.swift */,
			);
			path = Components;
			sourceTree = "<group>";
		};
		2183C29E2EC217CD00E4B917 /* Frameworks */ = {
			isa = PBXGroup;
			children = (
			);
			name = Frameworks;
			sourceTree = "<group>";
		};
/* End PBXGroup section */

/* Begin PBXNativeTarget section */
		215D4C3E2E7BD6E600188B80 /* MegaBox */ = {
			isa = PBXNativeTarget;
			buildConfigurationList = 215D4C4A2E7BD6E800188B80 /* Build configuration list for PBXNativeTarget "MegaBox" */;
			buildPhases = (
				215D4C3B2E7BD6E600188B80 /* Sources */,
				215D4C3C2E7BD6E600188B80 /* Frameworks */,
				215D4C3D2E7BD6E600188B80 /* Resources */,
			);
			buildRules = (
			);
			dependencies = (
			);
			fileSystemSynchronizedGroups = (
				215D4D572E87A8D700188B80 /* ViewModels */,
				215D4D5D2E87A95700188B80 /* Models */,
				215D4D632E87D62F00188B80 /* SubViews */,
				217B149B2ECAFA4C00BE6499 /* Networking */,
			);
			name = MegaBox;
			packageProductDependencies = (
				2183C2BB2EC2193100E4B917 /* KakaoSDKAuth */,
				2183C2C12EC2193100E4B917 /* KakaoSDKCommon */,
				2183C2CF2EC2193100E4B917 /* KakaoSDKUser */,
				217B14962ECAF95100BE6499 /* Moya */,
				217B14992ECAF96200BE6499 /* Kingfisher */,
			);
			productName = Week1_Practice;
			productReference = 215D4D192E83E09000188B80 /* MegaBox.app */;
			productType = "com.apple.product-type.application";
		};
/* End PBXNativeTarget section */

/* Begin PBXProject section */
		215D4C372E7BD6E600188B80 /* Project object */ = {
			isa = PBXProject;
			attributes = {
				BuildIndependentTargetsInParallel = 1;
				LastSwiftUpdateCheck = 2600;
				LastUpgradeCheck = 2600;
				TargetAttributes = {
					215D4C3E2E7BD6E600188B80 = {
						CreatedOnToolsVersion = 26.0;
					};
				};
			};
			buildConfigurationList = 215D4C3A2E7BD6E600188B80 /* Build configuration list for PBXProject "MegaBox" */;
			developmentRegion = en;
			hasScannedForEncodings = 0;
			knownRegions = (
				en,
				Base,
			);
			mainGroup = 215D4C362E7BD6E600188B80;
			minimizedProjectReferenceProxies = 1;
			packageReferences = (
				2183C2A72EC2190300E4B917 /* XCRemoteSwiftPackageReference "kakao-ios-sdk-rx" */,
				2183C2B82EC2193100E4B917 /* XCRemoteSwiftPackageReference "kakao-ios-sdk" */,
				217B14952ECAF95100BE6499 /* XCRemoteSwiftPackageReference "Moya" */,
				217B14982ECAF96200BE6499 /* XCRemoteSwiftPackageReference "Kingfisher" */,
			);
			preferredProjectObjectVersion = 77;
			productRefGroup = 215D4C362E7BD6E600188B80;
			projectDirPath = "";
			projectRoot = "";
			targets = (
				215D4C3E2E7BD6E600188B80 /* MegaBox */,
			);
		};
/* End PBXProject section */

/* Begin PBXResourcesBuildPhase section */
		215D4C3D2E7BD6E600188B80 /* Resources */ = {
			isa = PBXResourcesBuildPhase;
			buildActionMask = 2147483647;
			files = (
				215D4ECC2EB0B36600188B80 /* MovieSchedule.json in Resources */,
				215D4D542E841F2100188B80 /* Pretendard-Thin.otf in Resources */,
				215D4D532E841F1D00188B80 /* Pretendard-SemiBold.otf in Resources */,
				215D4D522E841F1900188B80 /* Pretendard-Regular.otf in Resources */,
				215D4D512E841F1600188B80 /* Pretendard-Medium.otf in Resources */,
				215D4D502E841F1300188B80 /* Pretendard-Light.otf in Resources */,
				215D4D4F2E841F0F00188B80 /* Pretendard-ExtraLight.otf in Resources */,
				215D4D4E2E841F0C00188B80 /* Pretendard-Bold.ttf in Resources */,
				215D4D4D2E841F0300188B80 /* Pretendard-ExtraBold.otf in Resources */,
				215D4D4C2E841EFF00188B80 /* Pretendard-Black.otf in Resources */,
				215D4D4B2E841EF700188B80 /* Assets.xcassets in Resources */,
				215D4D562E84274E00188B80 /* MegaBox-info.plist in Resources */,
			);
			runOnlyForDeploymentPostprocessing = 0;
		};
/* End PBXResourcesBuildPhase section */

/* Begin PBXSourcesBuildPhase section */
		215D4C3B2E7BD6E600188B80 /* Sources */ = {
			isa = PBXSourcesBuildPhase;
			buildActionMask = 2147483647;
			files = (
				215D4EA02E9BE1A400188B80 /* TicketView.swift in Sources */,
				217B15852ED34D0400BE6499 /* TheaterChangeBar.swift in Sources */,
				215D4C512E7DBB0500188B80 /* SplashView.swift in Sources */,
				215D4E9E2E9BE18E00188B80 /* MovieSearchView.swift in Sources */,
				215D4D622E87D5AB00188B80 /* MemverView.swift in Sources */,
				215D4D492E841CC800188B80 /* MegaBoxApp.swift in Sources */,
				217B15872ED34D9500BE6499 /* MenuItemCardView.swift in Sources */,
				215D4D452E8417B400188B80 /* Fonts.swift in Sources */,
				215D4ED32EBFAEBB00188B80 /* KeyChainService.swift in Sources */,
				215D4E972E9BE15800188B80 /* MovieBookingView.swift in Sources */,
				215D4ECE2EB1AC4000188B80 /* MobileOrderView.swift in Sources */,
				215D4E9A2E9BE16900188B80 /* OutlineChipStyle.swift in Sources */,
				215D4D9A2E8E5CE900188B80 /* HomeView.swift in Sources */,
				215D4D482E841CC200188B80 /* ContentView.swift in Sources */,
				217B15892ED34DA700BE6499 /* MenuViewModifiers.swift in Sources */,
				215D4D712E87D84B00188B80 /* MemberInfoManageView.swift in Sources */,
				215D4D9F2E8E86D800188B80 /* MovieDetailView.swift in Sources */,
				215D4C532E7DBB6600188B80 /* LoginView.swift in Sources */,
				217B158B2ED34DBE00BE6499 /* MobileOrderDetailView.swift in Sources */,
				215D4ED72EBFAF0700188B80 /* KakaoAuthManager.swift in Sources */,
				217B14A62ECB1E5900BE6499 /* Secrets.swift in Sources */,
				215D4D982E8E5C7700188B80 /* MainTabView.swift in Sources */,
				215D4ED52EBFAEDE00188B80 /* KakaoConfig.swift in Sources */,
			);
			runOnlyForDeploymentPostprocessing = 0;
		};
/* End PBXSourcesBuildPhase section */

/* Begin XCBuildConfiguration section */
		215D4C482E7BD6E800188B80 /* Debug */ = {
			isa = XCBuildConfiguration;
			baseConfigurationReference = 2183C29D2EC1D4E800E4B917 /* Secret.xcconfig */;
			buildSettings = {
				ALWAYS_SEARCH_USER_PATHS = NO;
				ASSETCATALOG_COMPILER_GENERATE_SWIFT_ASSET_SYMBOL_EXTENSIONS = YES;
				CLANG_ANALYZER_NONNULL = YES;
				CLANG_ANALYZER_NUMBER_OBJECT_CONVERSION = YES_AGGRESSIVE;
				CLANG_CXX_LANGUAGE_STANDARD = "gnu++20";
				CLANG_ENABLE_MODULES = YES;
				CLANG_ENABLE_OBJC_ARC = YES;
				CLANG_ENABLE_OBJC_WEAK = YES;
				CLANG_WARN_BLOCK_CAPTURE_AUTORELEASING = YES;
				CLANG_WARN_BOOL_CONVERSION = YES;
				CLANG_WARN_COMMA = YES;
				CLANG_WARN_CONSTANT_CONVERSION = YES;
				CLANG_WARN_DEPRECATED_OBJC_IMPLEMENTATIONS = YES;
				CLANG_WARN_DIRECT_OBJC_ISA_USAGE = YES_ERROR;
				CLANG_WARN_DOCUMENTATION_COMMENTS = YES;
				CLANG_WARN_EMPTY_BODY = YES;
				CLANG_WARN_ENUM_CONVERSION = YES;
				CLANG_WARN_INFINITE_RECURSION = YES;
				CLANG_WARN_INT_CONVERSION = YES;
				CLANG_WARN_NON_LITERAL_NULL_CONVERSION = YES;
				CLANG_WARN_OBJC_IMPLICIT_RETAIN_SELF = YES;
				CLANG_WARN_OBJC_LITERAL_CONVERSION = YES;
				CLANG_WARN_OBJC_ROOT_CLASS = YES_ERROR;
				CLANG_WARN_QUOTED_INCLUDE_IN_FRAMEWORK_HEADER = YES;
				CLANG_WARN_RANGE_LOOP_ANALYSIS = YES;
				CLANG_WARN_STRICT_PROTOTYPES = YES;
				CLANG_WARN_SUSPICIOUS_MOVE = YES;
				CLANG_WARN_UNGUARDED_AVAILABILITY = YES_AGGRESSIVE;
				CLANG_WARN_UNREACHABLE_CODE = YES;
				CLANG_WARN__DUPLICATE_METHOD_MATCH = YES;
				COPY_PHASE_STRIP = NO;
				DEBUG_INFORMATION_FORMAT = dwarf;
				DEVELOPMENT_TEAM = CJX79LBA76;
				ENABLE_STRICT_OBJC_MSGSEND = YES;
				ENABLE_TESTABILITY = YES;
				ENABLE_USER_SCRIPT_SANDBOXING = YES;
				GCC_C_LANGUAGE_STANDARD = gnu17;
				GCC_DYNAMIC_NO_PIC = NO;
				GCC_NO_COMMON_BLOCKS = YES;
				GCC_OPTIMIZATION_LEVEL = 0;
				GCC_PREPROCESSOR_DEFINITIONS = (
					"DEBUG=1",
					"$(inherited)",
				);
				GCC_WARN_64_TO_32_BIT_CONVERSION = YES;
				GCC_WARN_ABOUT_RETURN_TYPE = YES_ERROR;
				GCC_WARN_UNDECLARED_SELECTOR = YES;
				GCC_WARN_UNINITIALIZED_AUTOS = YES_AGGRESSIVE;
				GCC_WARN_UNUSED_FUNCTION = YES;
				GCC_WARN_UNUSED_VARIABLE = YES;
				IPHONEOS_DEPLOYMENT_TARGET = 26.0;
				LOCALIZATION_PREFERS_STRING_CATALOGS = YES;
				MTL_ENABLE_DEBUG_INFO = INCLUDE_SOURCE;
				MTL_FAST_MATH = YES;
				ONLY_ACTIVE_ARCH = YES;
				SDKROOT = iphoneos;
				SWIFT_ACTIVE_COMPILATION_CONDITIONS = "DEBUG $(inherited)";
				SWIFT_OPTIMIZATION_LEVEL = "-Onone";
			};
			name = Debug;
		};
		215D4C492E7BD6E800188B80 /* Release */ = {
			isa = XCBuildConfiguration;
			baseConfigurationReference = 2183C29D2EC1D4E800E4B917 /* Secret.xcconfig */;
			buildSettings = {
				ALWAYS_SEARCH_USER_PATHS = NO;
				ASSETCATALOG_COMPILER_GENERATE_SWIFT_ASSET_SYMBOL_EXTENSIONS = YES;
				CLANG_ANALYZER_NONNULL = YES;
				CLANG_ANALYZER_NUMBER_OBJECT_CONVERSION = YES_AGGRESSIVE;
				CLANG_CXX_LANGUAGE_STANDARD = "gnu++20";
				CLANG_ENABLE_MODULES = YES;
				CLANG_ENABLE_OBJC_ARC = YES;
				CLANG_ENABLE_OBJC_WEAK = YES;
				CLANG_WARN_BLOCK_CAPTURE_AUTORELEASING = YES;
				CLANG_WARN_BOOL_CONVERSION = YES;
				CLANG_WARN_COMMA = YES;
				CLANG_WARN_CONSTANT_CONVERSION = YES;
				CLANG_WARN_DEPRECATED_OBJC_IMPLEMENTATIONS = YES;
				CLANG_WARN_DIRECT_OBJC_ISA_USAGE = YES_ERROR;
				CLANG_WARN_DOCUMENTATION_COMMENTS = YES;
				CLANG_WARN_EMPTY_BODY = YES;
				CLANG_WARN_ENUM_CONVERSION = YES;
				CLANG_WARN_INFINITE_RECURSION = YES;
				CLANG_WARN_INT_CONVERSION = YES;
				CLANG_WARN_NON_LITERAL_NULL_CONVERSION = YES;
				CLANG_WARN_OBJC_IMPLICIT_RETAIN_SELF = YES;
				CLANG_WARN_OBJC_LITERAL_CONVERSION = YES;
				CLANG_WARN_OBJC_ROOT_CLASS = YES_ERROR;
				CLANG_WARN_QUOTED_INCLUDE_IN_FRAMEWORK_HEADER = YES;
				CLANG_WARN_RANGE_LOOP_ANALYSIS = YES;
				CLANG_WARN_STRICT_PROTOTYPES = YES;
				CLANG_WARN_SUSPICIOUS_MOVE = YES;
				CLANG_WARN_UNGUARDED_AVAILABILITY = YES_AGGRESSIVE;
				CLANG_WARN_UNREACHABLE_CODE = YES;
				CLANG_WARN__DUPLICATE_METHOD_MATCH = YES;
				COPY_PHASE_STRIP = NO;
				DEBUG_INFORMATION_FORMAT = "dwarf-with-dsym";
				DEVELOPMENT_TEAM = CJX79LBA76;
				ENABLE_NS_ASSERTIONS = NO;
				ENABLE_STRICT_OBJC_MSGSEND = YES;
				ENABLE_USER_SCRIPT_SANDBOXING = YES;
				GCC_C_LANGUAGE_STANDARD = gnu17;
				GCC_NO_COMMON_BLOCKS = YES;
				GCC_WARN_64_TO_32_BIT_CONVERSION = YES;
				GCC_WARN_ABOUT_RETURN_TYPE = YES_ERROR;
				GCC_WARN_UNDECLARED_SELECTOR = YES;
				GCC_WARN_UNINITIALIZED_AUTOS = YES_AGGRESSIVE;
				GCC_WARN_UNUSED_FUNCTION = YES;
				GCC_WARN_UNUSED_VARIABLE = YES;
				IPHONEOS_DEPLOYMENT_TARGET = 26.0;
				LOCALIZATION_PREFERS_STRING_CATALOGS = YES;
				MTL_ENABLE_DEBUG_INFO = NO;
				MTL_FAST_MATH = YES;
				SDKROOT = iphoneos;
				SWIFT_COMPILATION_MODE = wholemodule;
				VALIDATE_PRODUCT = YES;
			};
			name = Release;
		};
		215D4C4B2E7BD6E800188B80 /* Debug */ = {
			isa = XCBuildConfiguration;
			baseConfigurationReference = 2183C29D2EC1D4E800E4B917 /* Secret.xcconfig */;
			buildSettings = {
				ASSETCATALOG_COMPILER_APPICON_NAME = AppIcon;
				ASSETCATALOG_COMPILER_GLOBAL_ACCENT_COLOR_NAME = AccentColor;
				CODE_SIGN_STYLE = Automatic;
				CURRENT_PROJECT_VERSION = 1;
				DEVELOPMENT_TEAM = CJX79LBA76;
				ENABLE_PREVIEWS = YES;
				GENERATE_INFOPLIST_FILE = YES;
				INFOPLIST_FILE = "MegaBox-Info.plist";
				INFOPLIST_KEY_LSSupportsOpeningDocumentsInPlace = YES;
				INFOPLIST_KEY_UIApplicationSceneManifest_Generation = YES;
				INFOPLIST_KEY_UIApplicationSupportsIndirectInputEvents = YES;
				INFOPLIST_KEY_UILaunchScreen_Generation = YES;
				INFOPLIST_KEY_UISupportedInterfaceOrientations_iPad = "UIInterfaceOrientationPortrait UIInterfaceOrientationPortraitUpsideDown UIInterfaceOrientationLandscapeLeft UIInterfaceOrientationLandscapeRight";
				INFOPLIST_KEY_UISupportedInterfaceOrientations_iPhone = "UIInterfaceOrientationPortrait UIInterfaceOrientationLandscapeLeft UIInterfaceOrientationLandscapeRight";
				LD_RUNPATH_SEARCH_PATHS = (
					"$(inherited)",
					"@executable_path/Frameworks",
				);
				MARKETING_VERSION = 1.0;
				PRODUCT_BUNDLE_IDENTIFIER = com.kangjooyoung.MegaBox;
				PRODUCT_NAME = "$(TARGET_NAME)";
				STRING_CATALOG_GENERATE_SYMBOLS = YES;
				SWIFT_APPROACHABLE_CONCURRENCY = YES;
				SWIFT_DEFAULT_ACTOR_ISOLATION = MainActor;
				SWIFT_EMIT_LOC_STRINGS = YES;
				SWIFT_UPCOMING_FEATURE_MEMBER_IMPORT_VISIBILITY = YES;
				SWIFT_VERSION = 5.0;
				TARGETED_DEVICE_FAMILY = "1,2";
			};
			name = Debug;
		};
		215D4C4C2E7BD6E800188B80 /* Release */ = {
			isa = XCBuildConfiguration;
			baseConfigurationReference = 2183C29D2EC1D4E800E4B917 /* Secret.xcconfig */;
			buildSettings = {
				ASSETCATALOG_COMPILER_APPICON_NAME = AppIcon;
				ASSETCATALOG_COMPILER_GLOBAL_ACCENT_COLOR_NAME = AccentColor;
				CODE_SIGN_STYLE = Automatic;
				CURRENT_PROJECT_VERSION = 1;
				DEVELOPMENT_TEAM = CJX79LBA76;
				ENABLE_PREVIEWS = YES;
				GENERATE_INFOPLIST_FILE = YES;
				INFOPLIST_FILE = "MegaBox-Info.plist";
				INFOPLIST_KEY_LSSupportsOpeningDocumentsInPlace = YES;
				INFOPLIST_KEY_UIApplicationSceneManifest_Generation = YES;
				INFOPLIST_KEY_UIApplicationSupportsIndirectInputEvents = YES;
				INFOPLIST_KEY_UILaunchScreen_Generation = YES;
				INFOPLIST_KEY_UISupportedInterfaceOrientations_iPad = "UIInterfaceOrientationPortrait UIInterfaceOrientationPortraitUpsideDown UIInterfaceOrientationLandscapeLeft UIInterfaceOrientationLandscapeRight";
				INFOPLIST_KEY_UISupportedInterfaceOrientations_iPhone = "UIInterfaceOrientationPortrait UIInterfaceOrientationLandscapeLeft UIInterfaceOrientationLandscapeRight";
				LD_RUNPATH_SEARCH_PATHS = (
					"$(inherited)",
					"@executable_path/Frameworks",
				);
				MARKETING_VERSION = 1.0;
				PRODUCT_BUNDLE_IDENTIFIER = com.kangjooyoung.MegaBox;
				PRODUCT_NAME = "$(TARGET_NAME)";
				STRING_CATALOG_GENERATE_SYMBOLS = YES;
				SWIFT_APPROACHABLE_CONCURRENCY = YES;
				SWIFT_DEFAULT_ACTOR_ISOLATION = MainActor;
				SWIFT_EMIT_LOC_STRINGS = YES;
				SWIFT_UPCOMING_FEATURE_MEMBER_IMPORT_VISIBILITY = YES;
				SWIFT_VERSION = 5.0;
				TARGETED_DEVICE_FAMILY = "1,2";
			};
			name = Release;
		};
/* End XCBuildConfiguration section */

/* Begin XCConfigurationList section */
		215D4C3A2E7BD6E600188B80 /* Build configuration list for PBXProject "MegaBox" */ = {
			isa = XCConfigurationList;
			buildConfigurations = (
				215D4C482E7BD6E800188B80 /* Debug */,
				215D4C492E7BD6E800188B80 /* Release */,
			);
			defaultConfigurationIsVisible = 0;
			defaultConfigurationName = Release;
		};
		215D4C4A2E7BD6E800188B80 /* Build configuration list for PBXNativeTarget "MegaBox" */ = {
			isa = XCConfigurationList;
			buildConfigurations = (
				215D4C4B2E7BD6E800188B80 /* Debug */,
				215D4C4C2E7BD6E800188B80 /* Release */,
			);
			defaultConfigurationIsVisible = 0;
			defaultConfigurationName = Release;
		};
/* End XCConfigurationList section */

/* Begin XCRemoteSwiftPackageReference section */
		217B14952ECAF95100BE6499 /* XCRemoteSwiftPackageReference "Moya" */ = {
			isa = XCRemoteSwiftPackageReference;
			repositoryURL = "https://github.com/Moya/Moya";
			requirement = {
				kind = upToNextMajorVersion;
				minimumVersion = 15.0.3;
			};
		};
		217B14982ECAF96200BE6499 /* XCRemoteSwiftPackageReference "Kingfisher" */ = {
			isa = XCRemoteSwiftPackageReference;
			repositoryURL = "https://github.com/onevcat/Kingfisher";
			requirement = {
				kind = upToNextMajorVersion;
				minimumVersion = 8.6.1;
			};
		};
		2183C2A72EC2190300E4B917 /* XCRemoteSwiftPackageReference "kakao-ios-sdk-rx" */ = {
			isa = XCRemoteSwiftPackageReference;
			repositoryURL = "https://github.com/kakao/kakao-ios-sdk-rx";
			requirement = {
				branch = master;
				kind = branch;
			};
		};
		2183C2B82EC2193100E4B917 /* XCRemoteSwiftPackageReference "kakao-ios-sdk" */ = {
			isa = XCRemoteSwiftPackageReference;
			repositoryURL = "https://github.com/kakao/kakao-ios-sdk";
			requirement = {
				branch = master;
				kind = branch;
			};
		};
/* End XCRemoteSwiftPackageReference section */

/* Begin XCSwiftPackageProductDependency section */
		217B14962ECAF95100BE6499 /* Moya */ = {
			isa = XCSwiftPackageProductDependency;
			package = 217B14952ECAF95100BE6499 /* XCRemoteSwiftPackageReference "Moya" */;
			productName = Moya;
		};
		217B14992ECAF96200BE6499 /* Kingfisher */ = {
			isa = XCSwiftPackageProductDependency;
			package = 217B14982ECAF96200BE6499 /* XCRemoteSwiftPackageReference "Kingfisher" */;
			productName = Kingfisher;
		};
		2183C2BB2EC2193100E4B917 /* KakaoSDKAuth */ = {
			isa = XCSwiftPackageProductDependency;
			package = 2183C2B82EC2193100E4B917 /* XCRemoteSwiftPackageReference "kakao-ios-sdk" */;
			productName = KakaoSDKAuth;
		};
		2183C2C12EC2193100E4B917 /* KakaoSDKCommon */ = {
			isa = XCSwiftPackageProductDependency;
			package = 2183C2B82EC2193100E4B917 /* XCRemoteSwiftPackageReference "kakao-ios-sdk" */;
			productName = KakaoSDKCommon;
		};
		2183C2CF2EC2193100E4B917 /* KakaoSDKUser */ = {
			isa = XCSwiftPackageProductDependency;
			package = 2183C2B82EC2193100E4B917 /* XCRemoteSwiftPackageReference "kakao-ios-sdk" */;
			productName = KakaoSDKUser;
		};
/* End XCSwiftPackageProductDependency section */
	};
	rootObject = 215D4C372E7BD6E600188B80 /* Project object */;
}
