// !$*UTF8*$!
{
	archiveVersion = 1;
	classes = {
	};
	objectVersion = 77;
	objects = {

/* Begin PBXBuildFile section */
		A9D6A4082EB8CEFD00B5E019 /* Alamofire in Frameworks */ = {isa = PBXBuildFile; productRef = A9D6A4072EB8CEFD00B5E019 /* Alamofire */; };
		A9F249CB2EB8D759005CAD82 /* KakaoSDK in Frameworks */ = {isa = PBXBuildFile; productRef = A9F249CA2EB8D759005CAD82 /* KakaoSDK */; };
		A9F249CD2EB8D759005CAD82 /* KakaoSDKAuth in Frameworks */ = {isa = PBXBuildFile; productRef = A9F249CC2EB8D759005CAD82 /* KakaoSDKAuth */; };
		A9F249CF2EB8D759005CAD82 /* KakaoSDKCert in Frameworks */ = {isa = PBXBuildFile; productRef = A9F249CE2EB8D759005CAD82 /* KakaoSDKCert */; };
		A9F249D12EB8D759005CAD82 /* KakaoSDKCertCore in Frameworks */ = {isa = PBXBuildFile; productRef = A9F249D02EB8D759005CAD82 /* KakaoSDKCertCore */; };
		A9F249D32EB8D759005CAD82 /* KakaoSDKCommon in Frameworks */ = {isa = PBXBuildFile; productRef = A9F249D22EB8D759005CAD82 /* KakaoSDKCommon */; };
/* End PBXBuildFile section */

/* Begin PBXContainerItemProxy section */
		A92B64422E7EED3F0014DD18 /* PBXContainerItemProxy */ = {
			isa = PBXContainerItemProxy;
			containerPortal = A92B642C2E7EED3E0014DD18 /* Project object */;
			proxyType = 1;
			remoteGlobalIDString = A92B64332E7EED3E0014DD18;
			remoteInfo = megaBox;
		};
		A92B644C2E7EED3F0014DD18 /* PBXContainerItemProxy */ = {
			isa = PBXContainerItemProxy;
			containerPortal = A92B642C2E7EED3E0014DD18 /* Project object */;
			proxyType = 1;
			remoteGlobalIDString = A92B64332E7EED3E0014DD18;
			remoteInfo = megaBox;
		};
/* End PBXContainerItemProxy section */

/* Begin PBXFileReference section */
		A92B64342E7EED3E0014DD18 /* megaBox.app */ = {isa = PBXFileReference; explicitFileType = wrapper.application; includeInIndex = 0; path = megaBox.app; sourceTree = BUILT_PRODUCTS_DIR; };
		A92B64412E7EED3F0014DD18 /* megaBoxTests.xctest */ = {isa = PBXFileReference; explicitFileType = wrapper.cfbundle; includeInIndex = 0; path = megaBoxTests.xctest; sourceTree = BUILT_PRODUCTS_DIR; };
		A92B644B2E7EED3F0014DD18 /* megaBoxUITests.xctest */ = {isa = PBXFileReference; explicitFileType = wrapper.cfbundle; includeInIndex = 0; path = megaBoxUITests.xctest; sourceTree = BUILT_PRODUCTS_DIR; };
		A92B64732E7EED940014DD18 /* Info.plist */ = {isa = PBXFileReference; lastKnownFileType = text.plist.xml; path = Info.plist; sourceTree = "<group>"; };
/* End PBXFileReference section */

/* Begin PBXFileSystemSynchronizedRootGroup section */
		A92B64362E7EED3E0014DD18 /* megaBox */ = {
			isa = PBXFileSystemSynchronizedRootGroup;
			path = megaBox;
			sourceTree = "<group>";
		};
		A92B64442E7EED3F0014DD18 /* megaBoxTests */ = {
			isa = PBXFileSystemSynchronizedRootGroup;
			path = megaBoxTests;
			sourceTree = "<group>";
		};
		A92B644E2E7EED3F0014DD18 /* megaBoxUITests */ = {
			isa = PBXFileSystemSynchronizedRootGroup;
			path = megaBoxUITests;
			sourceTree = "<group>";
		};
/* End PBXFileSystemSynchronizedRootGroup section */

/* Begin PBXFrameworksBuildPhase section */
		A92B64312E7EED3E0014DD18 /* Frameworks */ = {
			isa = PBXFrameworksBuildPhase;
			buildActionMask = 2147483647;
			files = (
				A9D6A4082EB8CEFD00B5E019 /* Alamofire in Frameworks */,
				A9F249CB2EB8D759005CAD82 /* KakaoSDK in Frameworks */,
				A9F249D12EB8D759005CAD82 /* KakaoSDKCertCore in Frameworks */,
				A9F249CD2EB8D759005CAD82 /* KakaoSDKAuth in Frameworks */,
				A9F249D32EB8D759005CAD82 /* KakaoSDKCommon in Frameworks */,
				A9F249CF2EB8D759005CAD82 /* KakaoSDKCert in Frameworks */,
			);
			runOnlyForDeploymentPostprocessing = 0;
		};
		A92B643E2E7EED3F0014DD18 /* Frameworks */ = {
			isa = PBXFrameworksBuildPhase;
			buildActionMask = 2147483647;
			files = (
			);
			runOnlyForDeploymentPostprocessing = 0;
		};
		A92B64482E7EED3F0014DD18 /* Frameworks */ = {
			isa = PBXFrameworksBuildPhase;
			buildActionMask = 2147483647;
			files = (
			);
			runOnlyForDeploymentPostprocessing = 0;
		};
/* End PBXFrameworksBuildPhase section */

/* Begin PBXGroup section */
		A92B642B2E7EED3E0014DD18 = {
			isa = PBXGroup;
			children = (
				A92B64732E7EED940014DD18 /* Info.plist */,
				A92B64362E7EED3E0014DD18 /* megaBox */,
				A92B64442E7EED3F0014DD18 /* megaBoxTests */,
				A92B644E2E7EED3F0014DD18 /* megaBoxUITests */,
				A92B64352E7EED3E0014DD18 /* Products */,
			);
			sourceTree = "<group>";
		};
		A92B64352E7EED3E0014DD18 /* Products */ = {
			isa = PBXGroup;
			children = (
				A92B64342E7EED3E0014DD18 /* megaBox.app */,
				A92B64412E7EED3F0014DD18 /* megaBoxTests.xctest */,
				A92B644B2E7EED3F0014DD18 /* megaBoxUITests.xctest */,
			);
			name = Products;
			sourceTree = "<group>";
		};
/* End PBXGroup section */

/* Begin PBXNativeTarget section */
		A92B64332E7EED3E0014DD18 /* megaBox */ = {
			isa = PBXNativeTarget;
			buildConfigurationList = A92B64552E7EED3F0014DD18 /* Build configuration list for PBXNativeTarget "megaBox" */;
			buildPhases = (
				A92B64302E7EED3E0014DD18 /* Sources */,
				A92B64312E7EED3E0014DD18 /* Frameworks */,
				A92B64322E7EED3E0014DD18 /* Resources */,
			);
			buildRules = (
			);
			dependencies = (
			);
			fileSystemSynchronizedGroups = (
				A92B64362E7EED3E0014DD18 /* megaBox */,
			);
			name = megaBox;
			packageProductDependencies = (
				A9D6A4072EB8CEFD00B5E019 /* Alamofire */,
				A9F249CA2EB8D759005CAD82 /* KakaoSDK */,
				A9F249CC2EB8D759005CAD82 /* KakaoSDKAuth */,
				A9F249CE2EB8D759005CAD82 /* KakaoSDKCert */,
				A9F249D02EB8D759005CAD82 /* KakaoSDKCertCore */,
				A9F249D22EB8D759005CAD82 /* KakaoSDKCommon */,
			);
			productName = megaBox;
			productReference = A92B64342E7EED3E0014DD18 /* megaBox.app */;
			productType = "com.apple.product-type.application";
		};
		A92B64402E7EED3F0014DD18 /* megaBoxTests */ = {
			isa = PBXNativeTarget;
			buildConfigurationList = A92B64582E7EED3F0014DD18 /* Build configuration list for PBXNativeTarget "megaBoxTests" */;
			buildPhases = (
				A92B643D2E7EED3F0014DD18 /* Sources */,
				A92B643E2E7EED3F0014DD18 /* Frameworks */,
				A92B643F2E7EED3F0014DD18 /* Resources */,
			);
			buildRules = (
			);
			dependencies = (
				A92B64432E7EED3F0014DD18 /* PBXTargetDependency */,
			);
			fileSystemSynchronizedGroups = (
				A92B64442E7EED3F0014DD18 /* megaBoxTests */,
			);
			name = megaBoxTests;
			packageProductDependencies = (
			);
			productName = megaBoxTests;
			productReference = A92B64412E7EED3F0014DD18 /* megaBoxTests.xctest */;
			productType = "com.apple.product-type.bundle.unit-test";
		};
		A92B644A2E7EED3F0014DD18 /* megaBoxUITests */ = {
			isa = PBXNativeTarget;
			buildConfigurationList = A92B645B2E7EED3F0014DD18 /* Build configuration list for PBXNativeTarget "megaBoxUITests" */;
			buildPhases = (
				A92B64472E7EED3F0014DD18 /* Sources */,
				A92B64482E7EED3F0014DD18 /* Frameworks */,
				A92B64492E7EED3F0014DD18 /* Resources */,
			);
			buildRules = (
			);
			dependencies = (
				A92B644D2E7EED3F0014DD18 /* PBXTargetDependency */,
			);
			fileSystemSynchronizedGroups = (
				A92B644E2E7EED3F0014DD18 /* megaBoxUITests */,
			);
			name = megaBoxUITests;
			packageProductDependencies = (
			);
			productName = megaBoxUITests;
			productReference = A92B644B2E7EED3F0014DD18 /* megaBoxUITests.xctest */;
			productType = "com.apple.product-type.bundle.ui-testing";
		};
/* End PBXNativeTarget section */

/* Begin PBXProject section */
		A92B642C2E7EED3E0014DD18 /* Project object */ = {
			isa = PBXProject;
			attributes = {
				BuildIndependentTargetsInParallel = 1;
				LastSwiftUpdateCheck = 1640;
				LastUpgradeCheck = 1640;
				TargetAttributes = {
					A92B64332E7EED3E0014DD18 = {
						CreatedOnToolsVersion = 16.4;
					};
					A92B64402E7EED3F0014DD18 = {
						CreatedOnToolsVersion = 16.4;
						TestTargetID = A92B64332E7EED3E0014DD18;
					};
					A92B644A2E7EED3F0014DD18 = {
						CreatedOnToolsVersion = 16.4;
						TestTargetID = A92B64332E7EED3E0014DD18;
					};
				};
			};
			buildConfigurationList = A92B642F2E7EED3E0014DD18 /* Build configuration list for PBXProject "megaBox" */;
			developmentRegion = en;
			hasScannedForEncodings = 0;
			knownRegions = (
				en,
				Base,
			);
			mainGroup = A92B642B2E7EED3E0014DD18;
			minimizedProjectReferenceProxies = 1;
			packageReferences = (
				A996F88C2EB8CD93007188C3 /* XCRemoteSwiftPackageReference "Alamofire" */,
				A9F249C92EB8D759005CAD82 /* XCRemoteSwiftPackageReference "kakao-ios-sdk" */,
			);
			preferredProjectObjectVersion = 77;
			productRefGroup = A92B64352E7EED3E0014DD18 /* Products */;
			projectDirPath = "";
			projectRoot = "";
			targets = (
				A92B64332E7EED3E0014DD18 /* megaBox */,
				A92B64402E7EED3F0014DD18 /* megaBoxTests */,
				A92B644A2E7EED3F0014DD18 /* megaBoxUITests */,
			);
		};
/* End PBXProject section */

/* Begin PBXResourcesBuildPhase section */
		A92B64322E7EED3E0014DD18 /* Resources */ = {
			isa = PBXResourcesBuildPhase;
			buildActionMask = 2147483647;
			files = (
			);
			runOnlyForDeploymentPostprocessing = 0;
		};
		A92B643F2E7EED3F0014DD18 /* Resources */ = {
			isa = PBXResourcesBuildPhase;
			buildActionMask = 2147483647;
			files = (
			);
			runOnlyForDeploymentPostprocessing = 0;
		};
		A92B64492E7EED3F0014DD18 /* Resources */ = {
			isa = PBXResourcesBuildPhase;
			buildActionMask = 2147483647;
			files = (
			);
			runOnlyForDeploymentPostprocessing = 0;
		};
/* End PBXResourcesBuildPhase section */

/* Begin PBXSourcesBuildPhase section */
		A92B64302E7EED3E0014DD18 /* Sources */ = {
			isa = PBXSourcesBuildPhase;
			buildActionMask = 2147483647;
			files = (
			);
			runOnlyForDeploymentPostprocessing = 0;
		};
		A92B643D2E7EED3F0014DD18 /* Sources */ = {
			isa = PBXSourcesBuildPhase;
			buildActionMask = 2147483647;
			files = (
			);
			runOnlyForDeploymentPostprocessing = 0;
		};
		A92B64472E7EED3F0014DD18 /* Sources */ = {
			isa = PBXSourcesBuildPhase;
			buildActionMask = 2147483647;
			files = (
			);
			runOnlyForDeploymentPostprocessing = 0;
		};
/* End PBXSourcesBuildPhase section */

/* Begin PBXTargetDependency section */
		A92B64432E7EED3F0014DD18 /* PBXTargetDependency */ = {
			isa = PBXTargetDependency;
			target = A92B64332E7EED3E0014DD18 /* megaBox */;
			targetProxy = A92B64422E7EED3F0014DD18 /* PBXContainerItemProxy */;
		};
		A92B644D2E7EED3F0014DD18 /* PBXTargetDependency */ = {
			isa = PBXTargetDependency;
			target = A92B64332E7EED3E0014DD18 /* megaBox */;
			targetProxy = A92B644C2E7EED3F0014DD18 /* PBXContainerItemProxy */;
		};
/* End PBXTargetDependency section */

/* Begin XCBuildConfiguration section */
		A92B64532E7EED3F0014DD18 /* Debug */ = {
			isa = XCBuildConfiguration;
			buildSettings = {
				ALWAYS_SEARCH_USER_PATHS = NO;
				ASSETCATALOG_COMPILER_GENERATE_SWIFT_ASSET_SYMBOL_EXTENSIONS = YES;
				CLANG_ANALYZER_NONNULL = YES;
				CLANG_ANALYZER_NUMBER_OBJECT_CONVERSION = YES_AGGRESSIVE;
				CLANG_CXX_LANGUAGE_STANDARD = "gnu++20";
				CLANG_ENABLE_MODULES = YES;
				CLANG_ENABLE_OBJC_ARC = YES;
				CLANG_ENABLE_OBJC_WEAK = YES;
				CLANG_WARN_BLOCK_CAPTURE_AUTORELEASING = YES;
				CLANG_WARN_BOOL_CONVERSION = YES;
				CLANG_WARN_COMMA = YES;
				CLANG_WARN_CONSTANT_CONVERSION = YES;
				CLANG_WARN_DEPRECATED_OBJC_IMPLEMENTATIONS = YES;
				CLANG_WARN_DIRECT_OBJC_ISA_USAGE = YES_ERROR;
				CLANG_WARN_DOCUMENTATION_COMMENTS = YES;
				CLANG_WARN_EMPTY_BODY = YES;
				CLANG_WARN_ENUM_CONVERSION = YES;
				CLANG_WARN_INFINITE_RECURSION = YES;
				CLANG_WARN_INT_CONVERSION = YES;
				CLANG_WARN_NON_LITERAL_NULL_CONVERSION = YES;
				CLANG_WARN_OBJC_IMPLICIT_RETAIN_SELF = YES;
				CLANG_WARN_OBJC_LITERAL_CONVERSION = YES;
				CLANG_WARN_OBJC_ROOT_CLASS = YES_ERROR;
				CLANG_WARN_QUOTED_INCLUDE_IN_FRAMEWORK_HEADER = YES;
				CLANG_WARN_RANGE_LOOP_ANALYSIS = YES;
				CLANG_WARN_STRICT_PROTOTYPES = YES;
				CLANG_WARN_SUSPICIOUS_MOVE = YES;
				CLANG_WARN_UNGUARDED_AVAILABILITY = YES_AGGRESSIVE;
				CLANG_WARN_UNREACHABLE_CODE = YES;
				CLANG_WARN__DUPLICATE_METHOD_MATCH = YES;
				COPY_PHASE_STRIP = NO;
				DEBUG_INFORMATION_FORMAT = dwarf;
				DEVELOPMENT_TEAM = GCD88HGNYX;
				ENABLE_STRICT_OBJC_MSGSEND = YES;
				ENABLE_TESTABILITY = YES;
				ENABLE_USER_SCRIPT_SANDBOXING = YES;
				GCC_C_LANGUAGE_STANDARD = gnu17;
				GCC_DYNAMIC_NO_PIC = NO;
				GCC_NO_COMMON_BLOCKS = YES;
				GCC_OPTIMIZATION_LEVEL = 0;
				GCC_PREPROCESSOR_DEFINITIONS = (
					"DEBUG=1",
					"$(inherited)",
				);
				GCC_WARN_64_TO_32_BIT_CONVERSION = YES;
				GCC_WARN_ABOUT_RETURN_TYPE = YES_ERROR;
				GCC_WARN_UNDECLARED_SELECTOR = YES;
				GCC_WARN_UNINITIALIZED_AUTOS = YES_AGGRESSIVE;
				GCC_WARN_UNUSED_FUNCTION = YES;
				GCC_WARN_UNUSED_VARIABLE = YES;
				IPHONEOS_DEPLOYMENT_TARGET = 18.5;
				LOCALIZATION_PREFERS_STRING_CATALOGS = YES;
				MTL_ENABLE_DEBUG_INFO = INCLUDE_SOURCE;
				MTL_FAST_MATH = YES;
				ONLY_ACTIVE_ARCH = YES;
				SDKROOT = iphoneos;
				SWIFT_ACTIVE_COMPILATION_CONDITIONS = "DEBUG $(inherited)";
				SWIFT_OPTIMIZATION_LEVEL = "-Onone";
			};
			name = Debug;
		};
		A92B64542E7EED3F0014DD18 /* Release */ = {
			isa = XCBuildConfiguration;
			buildSettings = {
				ALWAYS_SEARCH_USER_PATHS = NO;
				ASSETCATALOG_COMPILER_GENERATE_SWIFT_ASSET_SYMBOL_EXTENSIONS = YES;
				CLANG_ANALYZER_NONNULL = YES;
				CLANG_ANALYZER_NUMBER_OBJECT_CONVERSION = YES_AGGRESSIVE;
				CLANG_CXX_LANGUAGE_STANDARD = "gnu++20";
				CLANG_ENABLE_MODULES = YES;
				CLANG_ENABLE_OBJC_ARC = YES;
				CLANG_ENABLE_OBJC_WEAK = YES;
				CLANG_WARN_BLOCK_CAPTURE_AUTORELEASING = YES;
				CLANG_WARN_BOOL_CONVERSION = YES;
				CLANG_WARN_COMMA = YES;
				CLANG_WARN_CONSTANT_CONVERSION = YES;
				CLANG_WARN_DEPRECATED_OBJC_IMPLEMENTATIONS = YES;
				CLANG_WARN_DIRECT_OBJC_ISA_USAGE = YES_ERROR;
				CLANG_WARN_DOCUMENTATION_COMMENTS = YES;
				CLANG_WARN_EMPTY_BODY = YES;
				CLANG_WARN_ENUM_CONVERSION = YES;
				CLANG_WARN_INFINITE_RECURSION = YES;
				CLANG_WARN_INT_CONVERSION = YES;
				CLANG_WARN_NON_LITERAL_NULL_CONVERSION = YES;
				CLANG_WARN_OBJC_IMPLICIT_RETAIN_SELF = YES;
				CLANG_WARN_OBJC_LITERAL_CONVERSION = YES;
				CLANG_WARN_OBJC_ROOT_CLASS = YES_ERROR;
				CLANG_WARN_QUOTED_INCLUDE_IN_FRAMEWORK_HEADER = YES;
				CLANG_WARN_RANGE_LOOP_ANALYSIS = YES;
				CLANG_WARN_STRICT_PROTOTYPES = YES;
				CLANG_WARN_SUSPICIOUS_MOVE = YES;
				CLANG_WARN_UNGUARDED_AVAILABILITY = YES_AGGRESSIVE;
				CLANG_WARN_UNREACHABLE_CODE = YES;
				CLANG_WARN__DUPLICATE_METHOD_MATCH = YES;
				COPY_PHASE_STRIP = NO;
				DEBUG_INFORMATION_FORMAT = "dwarf-with-dsym";
				DEVELOPMENT_TEAM = GCD88HGNYX;
				ENABLE_NS_ASSERTIONS = NO;
				ENABLE_STRICT_OBJC_MSGSEND = YES;
				ENABLE_USER_SCRIPT_SANDBOXING = YES;
				GCC_C_LANGUAGE_STANDARD = gnu17;
				GCC_NO_COMMON_BLOCKS = YES;
				GCC_WARN_64_TO_32_BIT_CONVERSION = YES;
				GCC_WARN_ABOUT_RETURN_TYPE = YES_ERROR;
				GCC_WARN_UNDECLARED_SELECTOR = YES;
				GCC_WARN_UNINITIALIZED_AUTOS = YES_AGGRESSIVE;
				GCC_WARN_UNUSED_FUNCTION = YES;
				GCC_WARN_UNUSED_VARIABLE = YES;
				IPHONEOS_DEPLOYMENT_TARGET = 18.5;
				LOCALIZATION_PREFERS_STRING_CATALOGS = YES;
				MTL_ENABLE_DEBUG_INFO = NO;
				MTL_FAST_MATH = YES;
				SDKROOT = iphoneos;
				SWIFT_COMPILATION_MODE = wholemodule;
				VALIDATE_PRODUCT = YES;
			};
			name = Release;
		};
		A92B64562E7EED3F0014DD18 /* Debug */ = {
			isa = XCBuildConfiguration;
			buildSettings = {
				ASSETCATALOG_COMPILER_APPICON_NAME = AppIcon;
				ASSETCATALOG_COMPILER_GLOBAL_ACCENT_COLOR_NAME = AccentColor;
				CODE_SIGN_STYLE = Automatic;
				CURRENT_PROJECT_VERSION = 1;
				DEVELOPMENT_TEAM = GCD88HGNYX;
				ENABLE_PREVIEWS = YES;
				GENERATE_INFOPLIST_FILE = YES;
				INFOPLIST_FILE = Info.plist;
				INFOPLIST_KEY_UIApplicationSceneManifest_Generation = YES;
				INFOPLIST_KEY_UIApplicationSupportsIndirectInputEvents = YES;
				INFOPLIST_KEY_UILaunchScreen_Generation = YES;
				INFOPLIST_KEY_UISupportedInterfaceOrientations_iPad = "UIInterfaceOrientationPortrait UIInterfaceOrientationPortraitUpsideDown UIInterfaceOrientationLandscapeLeft UIInterfaceOrientationLandscapeRight";
				INFOPLIST_KEY_UISupportedInterfaceOrientations_iPhone = "UIInterfaceOrientationPortrait UIInterfaceOrientationLandscapeLeft UIInterfaceOrientationLandscapeRight";
				LD_RUNPATH_SEARCH_PATHS = (
					"$(inherited)",
					"@executable_path/Frameworks",
				);
				MARKETING_VERSION = 1.0;
				PRODUCT_BUNDLE_IDENTIFIER = com.bluesummerskin.megaBox;
				PRODUCT_NAME = "$(TARGET_NAME)";
				SWIFT_EMIT_LOC_STRINGS = YES;
				SWIFT_VERSION = 5.0;
				TARGETED_DEVICE_FAMILY = "1,2";
			};
			name = Debug;
		};
		A92B64572E7EED3F0014DD18 /* Release */ = {
			isa = XCBuildConfiguration;
			buildSettings = {
				ASSETCATALOG_COMPILER_APPICON_NAME = AppIcon;
				ASSETCATALOG_COMPILER_GLOBAL_ACCENT_COLOR_NAME = AccentColor;
				CODE_SIGN_STYLE = Automatic;
				CURRENT_PROJECT_VERSION = 1;
				DEVELOPMENT_TEAM = GCD88HGNYX;
				ENABLE_PREVIEWS = YES;
				GENERATE_INFOPLIST_FILE = YES;
				INFOPLIST_FILE = Info.plist;
				INFOPLIST_KEY_UIApplicationSceneManifest_Generation = YES;
				INFOPLIST_KEY_UIApplicationSupportsIndirectInputEvents = YES;
				INFOPLIST_KEY_UILaunchScreen_Generation = YES;
				INFOPLIST_KEY_UISupportedInterfaceOrientations_iPad = "UIInterfaceOrientationPortrait UIInterfaceOrientationPortraitUpsideDown UIInterfaceOrientationLandscapeLeft UIInterfaceOrientationLandscapeRight";
				INFOPLIST_KEY_UISupportedInterfaceOrientations_iPhone = "UIInterfaceOrientationPortrait UIInterfaceOrientationLandscapeLeft UIInterfaceOrientationLandscapeRight";
				LD_RUNPATH_SEARCH_PATHS = (
					"$(inherited)",
					"@executable_path/Frameworks",
				);
				MARKETING_VERSION = 1.0;
				PRODUCT_BUNDLE_IDENTIFIER = com.bluesummerskin.megaBox;
				PRODUCT_NAME = "$(TARGET_NAME)";
				SWIFT_EMIT_LOC_STRINGS = YES;
				SWIFT_VERSION = 5.0;
				TARGETED_DEVICE_FAMILY = "1,2";
			};
			name = Release;
		};
		A92B64592E7EED3F0014DD18 /* Debug */ = {
			isa = XCBuildConfiguration;
			buildSettings = {
				BUNDLE_LOADER = "$(TEST_HOST)";
				CODE_SIGN_STYLE = Automatic;
				CURRENT_PROJECT_VERSION = 1;
				DEVELOPMENT_TEAM = GCD88HGNYX;
				GENERATE_INFOPLIST_FILE = YES;
				IPHONEOS_DEPLOYMENT_TARGET = 18.5;
				MARKETING_VERSION = 1.0;
				PRODUCT_BUNDLE_IDENTIFIER = com.bluesummerskin.megaBoxTests;
				PRODUCT_NAME = "$(TARGET_NAME)";
				SWIFT_EMIT_LOC_STRINGS = NO;
				SWIFT_VERSION = 5.0;
				TARGETED_DEVICE_FAMILY = "1,2";
				TEST_HOST = "$(BUILT_PRODUCTS_DIR)/megaBox.app/$(BUNDLE_EXECUTABLE_FOLDER_PATH)/megaBox";
			};
			name = Debug;
		};
		A92B645A2E7EED3F0014DD18 /* Release */ = {
			isa = XCBuildConfiguration;
			buildSettings = {
				BUNDLE_LOADER = "$(TEST_HOST)";
				CODE_SIGN_STYLE = Automatic;
				CURRENT_PROJECT_VERSION = 1;
				DEVELOPMENT_TEAM = GCD88HGNYX;
				GENERATE_INFOPLIST_FILE = YES;
				IPHONEOS_DEPLOYMENT_TARGET = 18.5;
				MARKETING_VERSION = 1.0;
				PRODUCT_BUNDLE_IDENTIFIER = com.bluesummerskin.megaBoxTests;
				PRODUCT_NAME = "$(TARGET_NAME)";
				SWIFT_EMIT_LOC_STRINGS = NO;
				SWIFT_VERSION = 5.0;
				TARGETED_DEVICE_FAMILY = "1,2";
				TEST_HOST = "$(BUILT_PRODUCTS_DIR)/megaBox.app/$(BUNDLE_EXECUTABLE_FOLDER_PATH)/megaBox";
			};
			name = Release;
		};
		A92B645C2E7EED3F0014DD18 /* Debug */ = {
			isa = XCBuildConfiguration;
			buildSettings = {
				CODE_SIGN_STYLE = Automatic;
				CURRENT_PROJECT_VERSION = 1;
				DEVELOPMENT_TEAM = GCD88HGNYX;
				GENERATE_INFOPLIST_FILE = YES;
				MARKETING_VERSION = 1.0;
				PRODUCT_BUNDLE_IDENTIFIER = com.bluesummerskin.megaBoxUITests;
				PRODUCT_NAME = "$(TARGET_NAME)";
				SWIFT_EMIT_LOC_STRINGS = NO;
				SWIFT_VERSION = 5.0;
				TARGETED_DEVICE_FAMILY = "1,2";
				TEST_TARGET_NAME = megaBox;
			};
			name = Debug;
		};
		A92B645D2E7EED3F0014DD18 /* Release */ = {
			isa = XCBuildConfiguration;
			buildSettings = {
				CODE_SIGN_STYLE = Automatic;
				CURRENT_PROJECT_VERSION = 1;
				DEVELOPMENT_TEAM = GCD88HGNYX;
				GENERATE_INFOPLIST_FILE = YES;
				MARKETING_VERSION = 1.0;
				PRODUCT_BUNDLE_IDENTIFIER = com.bluesummerskin.megaBoxUITests;
				PRODUCT_NAME = "$(TARGET_NAME)";
				SWIFT_EMIT_LOC_STRINGS = NO;
				SWIFT_VERSION = 5.0;
				TARGETED_DEVICE_FAMILY = "1,2";
				TEST_TARGET_NAME = megaBox;
			};
			name = Release;
		};
/* End XCBuildConfiguration section */

/* Begin XCConfigurationList section */
		A92B642F2E7EED3E0014DD18 /* Build configuration list for PBXProject "megaBox" */ = {
			isa = XCConfigurationList;
			buildConfigurations = (
				A92B64532E7EED3F0014DD18 /* Debug */,
				A92B64542E7EED3F0014DD18 /* Release */,
			);
			defaultConfigurationIsVisible = 0;
			defaultConfigurationName = Release;
		};
		A92B64552E7EED3F0014DD18 /* Build configuration list for PBXNativeTarget "megaBox" */ = {
			isa = XCConfigurationList;
			buildConfigurations = (
				A92B64562E7EED3F0014DD18 /* Debug */,
				A92B64572E7EED3F0014DD18 /* Release */,
			);
			defaultConfigurationIsVisible = 0;
			defaultConfigurationName = Release;
		};
		A92B64582E7EED3F0014DD18 /* Build configuration list for PBXNativeTarget "megaBoxTests" */ = {
			isa = XCConfigurationList;
			buildConfigurations = (
				A92B64592E7EED3F0014DD18 /* Debug */,
				A92B645A2E7EED3F0014DD18 /* Release */,
			);
			defaultConfigurationIsVisible = 0;
			defaultConfigurationName = Release;
		};
		A92B645B2E7EED3F0014DD18 /* Build configuration list for PBXNativeTarget "megaBoxUITests" */ = {
			isa = XCConfigurationList;
			buildConfigurations = (
				A92B645C2E7EED3F0014DD18 /* Debug */,
				A92B645D2E7EED3F0014DD18 /* Release */,
			);
			defaultConfigurationIsVisible = 0;
			defaultConfigurationName = Release;
		};
/* End XCConfigurationList section */

/* Begin XCRemoteSwiftPackageReference section */
		A996F88C2EB8CD93007188C3 /* XCRemoteSwiftPackageReference "Alamofire" */ = {
			isa = XCRemoteSwiftPackageReference;
			repositoryURL = "https://github.com/Alamofire/Alamofire.git";
			requirement = {
				kind = upToNextMajorVersion;
				minimumVersion = 5.10.2;
			};
		};
		A9F249C92EB8D759005CAD82 /* XCRemoteSwiftPackageReference "kakao-ios-sdk" */ = {
			isa = XCRemoteSwiftPackageReference;
			repositoryURL = "https://github.com/kakao/kakao-ios-sdk";
			requirement = {
				kind = upToNextMajorVersion;
				minimumVersion = 2.25.0;
			};
		};
/* End XCRemoteSwiftPackageReference section */

/* Begin XCSwiftPackageProductDependency section */
		A9D6A4072EB8CEFD00B5E019 /* Alamofire */ = {
			isa = XCSwiftPackageProductDependency;
			package = A996F88C2EB8CD93007188C3 /* XCRemoteSwiftPackageReference "Alamofire" */;
			productName = Alamofire;
		};
		A9F249CA2EB8D759005CAD82 /* KakaoSDK */ = {
			isa = XCSwiftPackageProductDependency;
			package = A9F249C92EB8D759005CAD82 /* XCRemoteSwiftPackageReference "kakao-ios-sdk" */;
			productName = KakaoSDK;
		};
		A9F249CC2EB8D759005CAD82 /* KakaoSDKAuth */ = {
			isa = XCSwiftPackageProductDependency;
			package = A9F249C92EB8D759005CAD82 /* XCRemoteSwiftPackageReference "kakao-ios-sdk" */;
			productName = KakaoSDKAuth;
		};
		A9F249CE2EB8D759005CAD82 /* KakaoSDKCert */ = {
			isa = XCSwiftPackageProductDependency;
			package = A9F249C92EB8D759005CAD82 /* XCRemoteSwiftPackageReference "kakao-ios-sdk" */;
			productName = KakaoSDKCert;
		};
		A9F249D02EB8D759005CAD82 /* KakaoSDKCertCore */ = {
			isa = XCSwiftPackageProductDependency;
			package = A9F249C92EB8D759005CAD82 /* XCRemoteSwiftPackageReference "kakao-ios-sdk" */;
			productName = KakaoSDKCertCore;
		};
		A9F249D22EB8D759005CAD82 /* KakaoSDKCommon */ = {
			isa = XCSwiftPackageProductDependency;
			package = A9F249C92EB8D759005CAD82 /* XCRemoteSwiftPackageReference "kakao-ios-sdk" */;
			productName = KakaoSDKCommon;
		};
/* End XCSwiftPackageProductDependency section */
	};
	rootObject = A92B642C2E7EED3E0014DD18 /* Project object */;
}
